{
  "originHash" : "327871194b54f8e1c79b82f8c9c687e3e7e6388b373d16eea0c5fb17d10b6189",
  "pins" : [
    {
      "identity" : "swiftybeaver",
      "kind" : "remoteSourceControl",
      "location" : "https://github.com/SwiftyBeaver/SwiftyBeaver",
      "state" : {
        "revision" : "8cba041db09596183331d123f337d0eb2e6e8e91",
        "version" : "2.1.1"
      }
    }
  ],
  "version" : 3
}
